
Microsoft Visual Studio Solution File, Format Version 12.00
# Visual Studio Version 16
VisualStudioVersion = 16.0.30114.105
MinimumVisualStudioVersion = 10.0.40219.1
Project("{2150E333-8FDC-42A3-9474-1A3956D46DE8}") = "src", "src", "{1F5A5C91-05E6-4500-9044-1319245BF1F2}"
EndProject
Project("{FAE04EC0-301F-11D3-BF4B-00C04F79EFBC}") = "WalkTrack.App", "src\WalkTrack.App\WalkTrack.App.csproj", "{0987C5B8-BEF4-43AB-B71B-172FFA10904A}"
EndProject
Project("{FAE04EC0-301F-11D3-BF4B-00C04F79EFBC}") = "WalkTrack.Client", "src\WalkTrack.Client\WalkTrack.Client.csproj", "{AE168A17-B287-48DD-B9E4-FF204A1C242F}"
EndProject
Project("{FAE04EC0-301F-11D3-BF4B-00C04F79EFBC}") = "WalkTrack.Common", "src\WalkTrack.Common\WalkTrack.Common.csproj", "{8AD491E3-33C6-4807-9942-FC49F9DAF11D}"
EndProject
Project("{FAE04EC0-301F-11D3-BF4B-00C04F79EFBC}") = "WalkTrack.DataSeeder", "src\WalkTrack.DataSeeder\WalkTrack.DataSeeder.csproj", "{8D2E082E-E205-4C28-82F0-280EA156EE71}"
EndProject
Project("{FAE04EC0-301F-11D3-BF4B-00C04F79EFBC}") = "WalkTrack.Server.DAL", "src\WalkTrack.Server.DAL\WalkTrack.Server.DAL.csproj", "{B3F6D0FA-283C-4BA9-B03A-D2266618F0F3}"
EndProject
Project("{FAE04EC0-301F-11D3-BF4B-00C04F79EFBC}") = "WalkTrack.Server.Hosting", "src\WalkTrack.Server.Hosting\WalkTrack.Server.Hosting.csproj", "{2FCDF28A-400D-4B46-8C99-5006FEA2CABE}"
EndProject
Project("{FAE04EC0-301F-11D3-BF4B-00C04F79EFBC}") = "WalkTrack.Server.Services", "src\WalkTrack.Server.Services\WalkTrack.Server.Services.csproj", "{C174B2BF-F88E-4980-8882-8E4C3F83033B}"
EndProject
Project("{FAE04EC0-301F-11D3-BF4B-00C04F79EFBC}") = "WalkTrack.Server", "src\WalkTrack.Server\WalkTrack.Server.csproj", "{23F1695A-B96D-4294-9CB5-4E279404EC9A}"
EndProject
Project("{2150E333-8FDC-42A3-9474-1A3956D46DE8}") = "test", "test", "{196B98D4-A693-4A25-A27F-B7E31EC8289A}"
EndProject
Project("{FAE04EC0-301F-11D3-BF4B-00C04F79EFBC}") = "WalkTrack.App.Tests", "test\WalkTrack.App.Tests\WalkTrack.App.Tests.csproj", "{C204BCEC-D2E7-4105-8467-667E5D021E0E}"
EndProject
Project("{FAE04EC0-301F-11D3-BF4B-00C04F79EFBC}") = "WalkTrack.Client.Tests", "test\WalkTrack.Client.Tests\WalkTrack.Client.Tests.csproj", "{36B753E5-D993-4A8F-88B9-5D80B9BBD53B}"
EndProject
Project("{FAE04EC0-301F-11D3-BF4B-00C04F79EFBC}") = "WalkTrack.Common.Tests", "test\WalkTrack.Common.Tests\WalkTrack.Common.Tests.csproj", "{362C08EB-9A58-4AA1-B761-5AC622299540}"
EndProject
Project("{FAE04EC0-301F-11D3-BF4B-00C04F79EFBC}") = "WalkTrack.DataSeeder.Tests", "test\WalkTrack.DataSeeder.Tests\WalkTrack.DataSeeder.Tests.csproj", "{7E6CE22C-F6E6-4009-A948-5AF892606B60}"
EndProject
Project("{FAE04EC0-301F-11D3-BF4B-00C04F79EFBC}") = "WalkTrack.Server.DAL.Tests", "test\WalkTrack.Server.DAL.Tests\WalkTrack.Server.DAL.Tests.csproj", "{EA8D2590-E617-4D5E-AF6C-AF152958E118}"
EndProject
Project("{FAE04EC0-301F-11D3-BF4B-00C04F79EFBC}") = "WalkTrack.Server.Hosting.Tests", "test\WalkTrack.Server.Hosting.Tests\WalkTrack.Server.Hosting.Tests.csproj", "{043D1202-D8E3-4494-861C-DF4DDACC22AD}"
EndProject
Project("{FAE04EC0-301F-11D3-BF4B-00C04F79EFBC}") = "WalkTrack.Server.Services.Tests", "test\WalkTrack.Server.Services.Tests\WalkTrack.Server.Services.Tests.csproj", "{A4562F87-B6B5-43D2-8147-A8AEF9738A5C}"
EndProject
Project("{FAE04EC0-301F-11D3-BF4B-00C04F79EFBC}") = "WalkTrack.Server.Tests", "test\WalkTrack.Server.Tests\WalkTrack.Server.Tests.csproj", "{6CF13AB9-482A-4B76-A9DD-1711A908771D}"
EndProject
Global
	GlobalSection(SolutionConfigurationPlatforms) = preSolution
		Debug|Any CPU = Debug|Any CPU
		Release|Any CPU = Release|Any CPU
	EndGlobalSection
	GlobalSection(SolutionProperties) = preSolution
		HideSolutionNode = FALSE
	EndGlobalSection
	GlobalSection(ProjectConfigurationPlatforms) = postSolution
		{0987C5B8-BEF4-43AB-B71B-172FFA10904A}.Debug|Any CPU.ActiveCfg = Debug|Any CPU
		{0987C5B8-BEF4-43AB-B71B-172FFA10904A}.Debug|Any CPU.Build.0 = Debug|Any CPU
		{0987C5B8-BEF4-43AB-B71B-172FFA10904A}.Release|Any CPU.ActiveCfg = Release|Any CPU
		{0987C5B8-BEF4-43AB-B71B-172FFA10904A}.Release|Any CPU.Build.0 = Release|Any CPU
		{AE168A17-B287-48DD-B9E4-FF204A1C242F}.Debug|Any CPU.ActiveCfg = Debug|Any CPU
		{AE168A17-B287-48DD-B9E4-FF204A1C242F}.Debug|Any CPU.Build.0 = Debug|Any CPU
		{AE168A17-B287-48DD-B9E4-FF204A1C242F}.Release|Any CPU.ActiveCfg = Release|Any CPU
		{AE168A17-B287-48DD-B9E4-FF204A1C242F}.Release|Any CPU.Build.0 = Release|Any CPU
		{8AD491E3-33C6-4807-9942-FC49F9DAF11D}.Debug|Any CPU.ActiveCfg = Debug|Any CPU
		{8AD491E3-33C6-4807-9942-FC49F9DAF11D}.Debug|Any CPU.Build.0 = Debug|Any CPU
		{8AD491E3-33C6-4807-9942-FC49F9DAF11D}.Release|Any CPU.ActiveCfg = Release|Any CPU
		{8AD491E3-33C6-4807-9942-FC49F9DAF11D}.Release|Any CPU.Build.0 = Release|Any CPU
		{8D2E082E-E205-4C28-82F0-280EA156EE71}.Debug|Any CPU.ActiveCfg = Debug|Any CPU
		{8D2E082E-E205-4C28-82F0-280EA156EE71}.Debug|Any CPU.Build.0 = Debug|Any CPU
		{8D2E082E-E205-4C28-82F0-280EA156EE71}.Release|Any CPU.ActiveCfg = Release|Any CPU
		{8D2E082E-E205-4C28-82F0-280EA156EE71}.Release|Any CPU.Build.0 = Release|Any CPU
		{B3F6D0FA-283C-4BA9-B03A-D2266618F0F3}.Debug|Any CPU.ActiveCfg = Debug|Any CPU
		{B3F6D0FA-283C-4BA9-B03A-D2266618F0F3}.Debug|Any CPU.Build.0 = Debug|Any CPU
		{B3F6D0FA-283C-4BA9-B03A-D2266618F0F3}.Release|Any CPU.ActiveCfg = Release|Any CPU
		{B3F6D0FA-283C-4BA9-B03A-D2266618F0F3}.Release|Any CPU.Build.0 = Release|Any CPU
		{2FCDF28A-400D-4B46-8C99-5006FEA2CABE}.Debug|Any CPU.ActiveCfg = Debug|Any CPU
		{2FCDF28A-400D-4B46-8C99-5006FEA2CABE}.Debug|Any CPU.Build.0 = Debug|Any CPU
		{2FCDF28A-400D-4B46-8C99-5006FEA2CABE}.Release|Any CPU.ActiveCfg = Release|Any CPU
		{2FCDF28A-400D-4B46-8C99-5006FEA2CABE}.Release|Any CPU.Build.0 = Release|Any CPU
		{C174B2BF-F88E-4980-8882-8E4C3F83033B}.Debug|Any CPU.ActiveCfg = Debug|Any CPU
		{C174B2BF-F88E-4980-8882-8E4C3F83033B}.Debug|Any CPU.Build.0 = Debug|Any CPU
		{C174B2BF-F88E-4980-8882-8E4C3F83033B}.Release|Any CPU.ActiveCfg = Release|Any CPU
		{C174B2BF-F88E-4980-8882-8E4C3F83033B}.Release|Any CPU.Build.0 = Release|Any CPU
		{23F1695A-B96D-4294-9CB5-4E279404EC9A}.Debug|Any CPU.ActiveCfg = Debug|Any CPU
		{23F1695A-B96D-4294-9CB5-4E279404EC9A}.Debug|Any CPU.Build.0 = Debug|Any CPU
		{23F1695A-B96D-4294-9CB5-4E279404EC9A}.Release|Any CPU.ActiveCfg = Release|Any CPU
		{23F1695A-B96D-4294-9CB5-4E279404EC9A}.Release|Any CPU.Build.0 = Release|Any CPU
		{C204BCEC-D2E7-4105-8467-667E5D021E0E}.Debug|Any CPU.ActiveCfg = Debug|Any CPU
		{C204BCEC-D2E7-4105-8467-667E5D021E0E}.Debug|Any CPU.Build.0 = Debug|Any CPU
		{C204BCEC-D2E7-4105-8467-667E5D021E0E}.Release|Any CPU.ActiveCfg = Release|Any CPU
		{C204BCEC-D2E7-4105-8467-667E5D021E0E}.Release|Any CPU.Build.0 = Release|Any CPU
		{36B753E5-D993-4A8F-88B9-5D80B9BBD53B}.Debug|Any CPU.ActiveCfg = Debug|Any CPU
		{36B753E5-D993-4A8F-88B9-5D80B9BBD53B}.Debug|Any CPU.Build.0 = Debug|Any CPU
		{36B753E5-D993-4A8F-88B9-5D80B9BBD53B}.Release|Any CPU.ActiveCfg = Release|Any CPU
		{36B753E5-D993-4A8F-88B9-5D80B9BBD53B}.Release|Any CPU.Build.0 = Release|Any CPU
		{362C08EB-9A58-4AA1-B761-5AC622299540}.Debug|Any CPU.ActiveCfg = Debug|Any CPU
		{362C08EB-9A58-4AA1-B761-5AC622299540}.Debug|Any CPU.Build.0 = Debug|Any CPU
		{362C08EB-9A58-4AA1-B761-5AC622299540}.Release|Any CPU.ActiveCfg = Release|Any CPU
		{362C08EB-9A58-4AA1-B761-5AC622299540}.Release|Any CPU.Build.0 = Release|Any CPU
		{7E6CE22C-F6E6-4009-A948-5AF892606B60}.Debug|Any CPU.ActiveCfg = Debug|Any CPU
		{7E6CE22C-F6E6-4009-A948-5AF892606B60}.Debug|Any CPU.Build.0 = Debug|Any CPU
		{7E6CE22C-F6E6-4009-A948-5AF892606B60}.Release|Any CPU.ActiveCfg = Release|Any CPU
		{7E6CE22C-F6E6-4009-A948-5AF892606B60}.Release|Any CPU.Build.0 = Release|Any CPU
		{EA8D2590-E617-4D5E-AF6C-AF152958E118}.Debug|Any CPU.ActiveCfg = Debug|Any CPU
		{EA8D2590-E617-4D5E-AF6C-AF152958E118}.Debug|Any CPU.Build.0 = Debug|Any CPU
		{EA8D2590-E617-4D5E-AF6C-AF152958E118}.Release|Any CPU.ActiveCfg = Release|Any CPU
		{EA8D2590-E617-4D5E-AF6C-AF152958E118}.Release|Any CPU.Build.0 = Release|Any CPU
		{043D1202-D8E3-4494-861C-DF4DDACC22AD}.Debug|Any CPU.ActiveCfg = Debug|Any CPU
		{043D1202-D8E3-4494-861C-DF4DDACC22AD}.Debug|Any CPU.Build.0 = Debug|Any CPU
		{043D1202-D8E3-4494-861C-DF4DDACC22AD}.Release|Any CPU.ActiveCfg = Release|Any CPU
		{043D1202-D8E3-4494-861C-DF4DDACC22AD}.Release|Any CPU.Build.0 = Release|Any CPU
		{A4562F87-B6B5-43D2-8147-A8AEF9738A5C}.Debug|Any CPU.ActiveCfg = Debug|Any CPU
		{A4562F87-B6B5-43D2-8147-A8AEF9738A5C}.Debug|Any CPU.Build.0 = Debug|Any CPU
		{A4562F87-B6B5-43D2-8147-A8AEF9738A5C}.Release|Any CPU.ActiveCfg = Release|Any CPU
		{A4562F87-B6B5-43D2-8147-A8AEF9738A5C}.Release|Any CPU.Build.0 = Release|Any CPU
		{6CF13AB9-482A-4B76-A9DD-1711A908771D}.Debug|Any CPU.ActiveCfg = Debug|Any CPU
		{6CF13AB9-482A-4B76-A9DD-1711A908771D}.Debug|Any CPU.Build.0 = Debug|Any CPU
		{6CF13AB9-482A-4B76-A9DD-1711A908771D}.Release|Any CPU.ActiveCfg = Release|Any CPU
		{6CF13AB9-482A-4B76-A9DD-1711A908771D}.Release|Any CPU.Build.0 = Release|Any CPU
	EndGlobalSection
	GlobalSection(NestedProjects) = preSolution
		{0987C5B8-BEF4-43AB-B71B-172FFA10904A} = {1F5A5C91-05E6-4500-9044-1319245BF1F2}
		{AE168A17-B287-48DD-B9E4-FF204A1C242F} = {1F5A5C91-05E6-4500-9044-1319245BF1F2}
		{8AD491E3-33C6-4807-9942-FC49F9DAF11D} = {1F5A5C91-05E6-4500-9044-1319245BF1F2}
		{8D2E082E-E205-4C28-82F0-280EA156EE71} = {1F5A5C91-05E6-4500-9044-1319245BF1F2}
		{B3F6D0FA-283C-4BA9-B03A-D2266618F0F3} = {1F5A5C91-05E6-4500-9044-1319245BF1F2}
		{2FCDF28A-400D-4B46-8C99-5006FEA2CABE} = {1F5A5C91-05E6-4500-9044-1319245BF1F2}
		{C174B2BF-F88E-4980-8882-8E4C3F83033B} = {1F5A5C91-05E6-4500-9044-1319245BF1F2}
		{23F1695A-B96D-4294-9CB5-4E279404EC9A} = {1F5A5C91-05E6-4500-9044-1319245BF1F2}
		{C204BCEC-D2E7-4105-8467-667E5D021E0E} = {196B98D4-A693-4A25-A27F-B7E31EC8289A}
		{36B753E5-D993-4A8F-88B9-5D80B9BBD53B} = {196B98D4-A693-4A25-A27F-B7E31EC8289A}
		{362C08EB-9A58-4AA1-B761-5AC622299540} = {196B98D4-A693-4A25-A27F-B7E31EC8289A}
		{7E6CE22C-F6E6-4009-A948-5AF892606B60} = {196B98D4-A693-4A25-A27F-B7E31EC8289A}
		{EA8D2590-E617-4D5E-AF6C-AF152958E118} = {196B98D4-A693-4A25-A27F-B7E31EC8289A}
		{043D1202-D8E3-4494-861C-DF4DDACC22AD} = {196B98D4-A693-4A25-A27F-B7E31EC8289A}
		{A4562F87-B6B5-43D2-8147-A8AEF9738A5C} = {196B98D4-A693-4A25-A27F-B7E31EC8289A}
		{6CF13AB9-482A-4B76-A9DD-1711A908771D} = {196B98D4-A693-4A25-A27F-B7E31EC8289A}
	EndGlobalSection
EndGlobal
