
Microsoft Visual Studio Solution File, Format Version 12.00
# Visual Studio Version 16
VisualStudioVersion = 16.0.30114.105
MinimumVisualStudioVersion = 10.0.40219.1
Project("{2150E333-8FDC-42A3-9474-1A3956D46DE8}") = "src", "src", "{27144701-1026-4DBD-9E6E-8E8330F78DE5}"
EndProject
Project("{2150E333-8FDC-42A3-9474-1A3956D46DE8}") = "App", "App", "{6D33081A-F27E-41B2-A493-915C72AC63CF}"
EndProject
Project("{FAE04EC0-301F-11D3-BF4B-00C04F79EFBC}") = "WalkTrack.App", "src\App\WalkTrack.App\WalkTrack.App.csproj", "{BC828019-B208-4DF6-B30F-6465981CDAF2}"
EndProject
Project("{2150E333-8FDC-42A3-9474-1A3956D46DE8}") = "Framework", "Framework", "{32E8443E-2F97-480F-8682-AF4C17F0FD92}"
EndProject
Project("{FAE04EC0-301F-11D3-BF4B-00C04F79EFBC}") = "WalkTrack.Framework.App", "src\Framework\WalkTrack.Framework.App\WalkTrack.Framework.App.csproj", "{861C6C11-7B09-4190-B238-436A8297AA7B}"
EndProject
Project("{FAE04EC0-301F-11D3-BF4B-00C04F79EFBC}") = "WalkTrack.Framework.Client", "src\Framework\WalkTrack.Framework.Client\WalkTrack.Framework.Client.csproj", "{74FD0704-2D4D-4D4B-A6D4-3BC99B7B7C33}"
EndProject
Project("{FAE04EC0-301F-11D3-BF4B-00C04F79EFBC}") = "WalkTrack.Framework.Common", "src\Framework\WalkTrack.Framework.Common\WalkTrack.Framework.Common.csproj", "{7C6D3F57-7BC4-4B19-AAF1-ACF529F2DF29}"
EndProject
Project("{FAE04EC0-301F-11D3-BF4B-00C04F79EFBC}") = "WalkTrack.Framework.Server.DAL.CouchDb", "src\Framework\WalkTrack.Framework.Server.DAL.CouchDb\WalkTrack.Framework.Server.DAL.CouchDb.csproj", "{E802C405-68E4-49F7-B848-4FBA1228D4C3}"
EndProject
Project("{FAE04EC0-301F-11D3-BF4B-00C04F79EFBC}") = "WalkTrack.Framework.Server.DAL.Mssql", "src\Framework\WalkTrack.Framework.Server.DAL.Mssql\WalkTrack.Framework.Server.DAL.Mssql.csproj", "{46953B58-B135-4D6E-8A7A-59A233238D8A}"
EndProject
Project("{FAE04EC0-301F-11D3-BF4B-00C04F79EFBC}") = "WalkTrack.Framework.Server.Hosting", "src\Framework\WalkTrack.Framework.Server.Hosting\WalkTrack.Framework.Server.Hosting.csproj", "{D9EBE097-DBD4-4A77-93A0-3C1093239CD8}"
EndProject
Project("{FAE04EC0-301F-11D3-BF4B-00C04F79EFBC}") = "WalkTrack.Framework.Server", "src\Framework\WalkTrack.Framework.Server\WalkTrack.Framework.Server.csproj", "{C4F6AD2B-9F88-4F11-96F9-4A61FFB62567}"
EndProject
Project("{2150E333-8FDC-42A3-9474-1A3956D46DE8}") = "Libraries", "Libraries", "{A3142A73-50DF-4847-BB03-FEE478759987}"
EndProject
Project("{FAE04EC0-301F-11D3-BF4B-00C04F79EFBC}") = "WalkTrack.Library.TemplatingEngine", "src\Libraries\WalkTrack.Library.TemplatingEngine\WalkTrack.Library.TemplatingEngine.csproj", "{67983234-C205-4581-BA67-8252A5805585}"
EndProject
Project("{2150E333-8FDC-42A3-9474-1A3956D46DE8}") = "Server", "Server", "{37938A22-CD9E-41DC-B4BE-D98A1AD7593C}"
EndProject
Project("{2150E333-8FDC-42A3-9474-1A3956D46DE8}") = "AuthService", "AuthService", "{7928901E-38E7-4FBC-BFA4-2C59DB1C1073}"
EndProject
Project("{FAE04EC0-301F-11D3-BF4B-00C04F79EFBC}") = "WalkTrack.AuthService.Client", "src\Server\AuthService\WalkTrack.AuthService.Client\WalkTrack.AuthService.Client.csproj", "{9447275C-57A7-4984-8FFC-4BEE19166C8E}"
EndProject
Project("{FAE04EC0-301F-11D3-BF4B-00C04F79EFBC}") = "WalkTrack.AuthService.Common", "src\Server\AuthService\WalkTrack.AuthService.Common\WalkTrack.AuthService.Common.csproj", "{148D9D1E-A199-478E-B9A6-5313EAC694ED}"
EndProject
Project("{FAE04EC0-301F-11D3-BF4B-00C04F79EFBC}") = "WalkTrack.AuthService.Server.DAL", "src\Server\AuthService\WalkTrack.AuthService.Server.DAL\WalkTrack.AuthService.Server.DAL.csproj", "{9866D64F-E29C-4D72-9F83-399BA8CA5255}"
EndProject
Project("{FAE04EC0-301F-11D3-BF4B-00C04F79EFBC}") = "WalkTrack.AuthService.Server.Hosting", "src\Server\AuthService\WalkTrack.AuthService.Server.Hosting\WalkTrack.AuthService.Server.Hosting.csproj", "{67EC0395-5111-4F95-AD0B-70020E242A5A}"
EndProject
Project("{FAE04EC0-301F-11D3-BF4B-00C04F79EFBC}") = "WalkTrack.AuthService.Server.Services", "src\Server\AuthService\WalkTrack.AuthService.Server.Services\WalkTrack.AuthService.Server.Services.csproj", "{4DE150C4-90DE-464C-BDF7-E4E8078084A9}"
EndProject
Project("{FAE04EC0-301F-11D3-BF4B-00C04F79EFBC}") = "WalkTrack.AuthService.Server", "src\Server\AuthService\WalkTrack.AuthService.Server\WalkTrack.AuthService.Server.csproj", "{059C53F7-A466-4415-BA1F-E062C9951644}"
EndProject
Project("{2150E333-8FDC-42A3-9474-1A3956D46DE8}") = "EmailService", "EmailService", "{B2152346-4D21-49DD-A634-3BE390F4D454}"
EndProject
Project("{FAE04EC0-301F-11D3-BF4B-00C04F79EFBC}") = "WalkTrack.EmailService.Client", "src\Server\EmailService\WalkTrack.EmailService.Client\WalkTrack.EmailService.Client.csproj", "{021E12F3-4FCB-4CD0-9010-1C46FFC9D164}"
EndProject
Project("{FAE04EC0-301F-11D3-BF4B-00C04F79EFBC}") = "WalkTrack.EmailService.Common", "src\Server\EmailService\WalkTrack.EmailService.Common\WalkTrack.EmailService.Common.csproj", "{14243438-15D2-4C9B-B018-104F626D51CF}"
EndProject
Project("{FAE04EC0-301F-11D3-BF4B-00C04F79EFBC}") = "WalkTrack.EmailService.Server.Hosting", "src\Server\EmailService\WalkTrack.EmailService.Server.Hosting\WalkTrack.EmailService.Server.Hosting.csproj", "{0AB22487-06BA-400A-8C29-425106D82A11}"
EndProject
Project("{FAE04EC0-301F-11D3-BF4B-00C04F79EFBC}") = "WalkTrack.EmailService.Server.Processor", "src\Server\EmailService\WalkTrack.EmailService.Server.Processor\WalkTrack.EmailService.Server.Processor.csproj", "{C9067D00-E1DD-41E6-A93B-10200DFC1AC8}"
EndProject
Project("{FAE04EC0-301F-11D3-BF4B-00C04F79EFBC}") = "WalkTrack.EmailService.Server.Services", "src\Server\EmailService\WalkTrack.EmailService.Server.Services\WalkTrack.EmailService.Server.Services.csproj", "{7C480D4A-D257-455D-929A-82DE36BD91B5}"
EndProject
Project("{FAE04EC0-301F-11D3-BF4B-00C04F79EFBC}") = "WalkTrack.EmailService.Server", "src\Server\EmailService\WalkTrack.EmailService.Server\WalkTrack.EmailService.Server.csproj", "{3AC5A809-DC62-4AC0-9685-5FB35071BFF7}"
EndProject
Project("{2150E333-8FDC-42A3-9474-1A3956D46DE8}") = "EntryService", "EntryService", "{FF51712D-58E2-4052-9A28-6C072FA7D04B}"
EndProject
Project("{FAE04EC0-301F-11D3-BF4B-00C04F79EFBC}") = "WalkTrack.EntryService.Client", "src\Server\EntryService\WalkTrack.EntryService.Client\WalkTrack.EntryService.Client.csproj", "{8A01C22F-36A9-4822-844D-5E351A526C31}"
EndProject
Project("{FAE04EC0-301F-11D3-BF4B-00C04F79EFBC}") = "WalkTrack.EntryService.Common", "src\Server\EntryService\WalkTrack.EntryService.Common\WalkTrack.EntryService.Common.csproj", "{E9274E3F-7917-4D0B-867B-79C32452F104}"
EndProject
Project("{FAE04EC0-301F-11D3-BF4B-00C04F79EFBC}") = "WalkTrack.EntryService.Server.DAL", "src\Server\EntryService\WalkTrack.EntryService.Server.DAL\WalkTrack.EntryService.Server.DAL.csproj", "{46FF236A-7678-4962-8E53-B177BD4B0A5F}"
EndProject
Project("{FAE04EC0-301F-11D3-BF4B-00C04F79EFBC}") = "WalkTrack.EntryService.Server.Hosting", "src\Server\EntryService\WalkTrack.EntryService.Server.Hosting\WalkTrack.EntryService.Server.Hosting.csproj", "{3B55AD3E-8FBA-425F-9FC7-EA4201BE34CA}"
EndProject
Project("{FAE04EC0-301F-11D3-BF4B-00C04F79EFBC}") = "WalkTrack.EntryService.Server.Services", "src\Server\EntryService\WalkTrack.EntryService.Server.Services\WalkTrack.EntryService.Server.Services.csproj", "{E4175AED-E27E-4900-A39B-C622AC620A6F}"
EndProject
Project("{FAE04EC0-301F-11D3-BF4B-00C04F79EFBC}") = "WalkTrack.EntryService.Server", "src\Server\EntryService\WalkTrack.EntryService.Server\WalkTrack.EntryService.Server.csproj", "{43485ABF-F4C5-4D2E-A6D9-DF65238B631F}"
EndProject
Project("{2150E333-8FDC-42A3-9474-1A3956D46DE8}") = "GoalService", "GoalService", "{8543716B-1D13-4187-8CD8-5EFFDE85B8BD}"
EndProject
Project("{FAE04EC0-301F-11D3-BF4B-00C04F79EFBC}") = "WalkTrack.GoalService.Client", "src\Server\GoalService\WalkTrack.GoalService.Client\WalkTrack.GoalService.Client.csproj", "{67D2909C-B718-4C01-9416-66F09A22FCA3}"
EndProject
Project("{FAE04EC0-301F-11D3-BF4B-00C04F79EFBC}") = "WalkTrack.GoalService.Common", "src\Server\GoalService\WalkTrack.GoalService.Common\WalkTrack.GoalService.Common.csproj", "{319F04CF-C3D9-4263-B69E-AF99D3A9945A}"
EndProject
Project("{FAE04EC0-301F-11D3-BF4B-00C04F79EFBC}") = "WalkTrack.GoalService.Server.DAL", "src\Server\GoalService\WalkTrack.GoalService.Server.DAL\WalkTrack.GoalService.Server.DAL.csproj", "{97BCF119-712D-4027-BC9F-BA37881B5F91}"
EndProject
Project("{FAE04EC0-301F-11D3-BF4B-00C04F79EFBC}") = "WalkTrack.GoalService.Server.Hosting", "src\Server\GoalService\WalkTrack.GoalService.Server.Hosting\WalkTrack.GoalService.Server.Hosting.csproj", "{7C4AAFD7-3844-4DD4-A8DF-C565519E5F44}"
EndProject
Project("{FAE04EC0-301F-11D3-BF4B-00C04F79EFBC}") = "WalkTrack.GoalService.Server.Services", "src\Server\GoalService\WalkTrack.GoalService.Server.Services\WalkTrack.GoalService.Server.Services.csproj", "{2286FB3D-2F68-45D4-A62B-E10E938ED7C1}"
EndProject
Project("{FAE04EC0-301F-11D3-BF4B-00C04F79EFBC}") = "WalkTrack.GoalService.Server", "src\Server\GoalService\WalkTrack.GoalService.Server\WalkTrack.GoalService.Server.csproj", "{01432624-3FA6-4109-9D96-F1486A18A520}"
EndProject
Project("{2150E333-8FDC-42A3-9474-1A3956D46DE8}") = "UserService", "UserService", "{035C6465-03B2-4806-A583-D439E3B96726}"
EndProject
Project("{FAE04EC0-301F-11D3-BF4B-00C04F79EFBC}") = "WalkTrack.UserService.Client", "src\Server\UserService\WalkTrack.UserService.Client\WalkTrack.UserService.Client.csproj", "{E5BF7B0F-0983-4C0A-BD84-9757CB1278F2}"
EndProject
Project("{FAE04EC0-301F-11D3-BF4B-00C04F79EFBC}") = "WalkTrack.UserService.Common", "src\Server\UserService\WalkTrack.UserService.Common\WalkTrack.UserService.Common.csproj", "{FC55EAB4-D282-4E7B-BA06-4B3B7893B351}"
EndProject
Project("{FAE04EC0-301F-11D3-BF4B-00C04F79EFBC}") = "WalkTrack.UserService.Server.DAL", "src\Server\UserService\WalkTrack.UserService.Server.DAL\WalkTrack.UserService.Server.DAL.csproj", "{85035999-3CD4-4482-98FB-4E0E2A8D7DDF}"
EndProject
Project("{FAE04EC0-301F-11D3-BF4B-00C04F79EFBC}") = "WalkTrack.UserService.Server.Hosting", "src\Server\UserService\WalkTrack.UserService.Server.Hosting\WalkTrack.UserService.Server.Hosting.csproj", "{3AB58CF7-3A0F-460B-85DA-EA64CF6E2C95}"
EndProject
Project("{FAE04EC0-301F-11D3-BF4B-00C04F79EFBC}") = "WalkTrack.UserService.Server.Services", "src\Server\UserService\WalkTrack.UserService.Server.Services\WalkTrack.UserService.Server.Services.csproj", "{FE399BB9-6048-4595-B694-2D4C360DCF11}"
EndProject
Project("{FAE04EC0-301F-11D3-BF4B-00C04F79EFBC}") = "WalkTrack.UserService.Server", "src\Server\UserService\WalkTrack.UserService.Server\WalkTrack.UserService.Server.csproj", "{528BD78A-7DA9-4D16-85DF-A941534F5A48}"
EndProject
Project("{2150E333-8FDC-42A3-9474-1A3956D46DE8}") = "ThirdParty", "ThirdParty", "{E328ACAD-6F77-4A77-81E4-146803924F5E}"
EndProject
Project("{FAE04EC0-301F-11D3-BF4B-00C04F79EFBC}") = "CouchDB.Driver", "src\ThirdParty\CouchDB.Driver\CouchDB.Driver.csproj", "{B2378349-A1EA-45B4-8271-82E1A93B7284}"
EndProject
Project("{2150E333-8FDC-42A3-9474-1A3956D46DE8}") = "Utils", "Utils", "{8695CCD5-64E3-4B6F-A847-EB32DE83C884}"
EndProject
Project("{FAE04EC0-301F-11D3-BF4B-00C04F79EFBC}") = "WalkTrack.Utils.DataSeeder", "src\Utils\WalkTrack.Utils.DataSeeder\WalkTrack.Utils.DataSeeder.csproj", "{285F2FD0-BD90-4CFA-AE86-71A017F91EDD}"
EndProject
Project("{2150E333-8FDC-42A3-9474-1A3956D46DE8}") = "test", "test", "{DFB81E70-E156-4B0F-8DC5-4EF5824F1F2F}"
EndProject
Project("{FAE04EC0-301F-11D3-BF4B-00C04F79EFBC}") = "WalkTrack.App.Tests", "test\WalkTrack.App.Tests\WalkTrack.App.Tests.csproj", "{36468731-FECC-4CC3-A58E-4D0F6F716688}"
EndProject
Global
	GlobalSection(SolutionConfigurationPlatforms) = preSolution
		Debug|Any CPU = Debug|Any CPU
		Release|Any CPU = Release|Any CPU
	EndGlobalSection
	GlobalSection(SolutionProperties) = preSolution
		HideSolutionNode = FALSE
	EndGlobalSection
	GlobalSection(ProjectConfigurationPlatforms) = postSolution
		{BC828019-B208-4DF6-B30F-6465981CDAF2}.Debug|Any CPU.ActiveCfg = Debug|Any CPU
		{BC828019-B208-4DF6-B30F-6465981CDAF2}.Debug|Any CPU.Build.0 = Debug|Any CPU
		{BC828019-B208-4DF6-B30F-6465981CDAF2}.Release|Any CPU.ActiveCfg = Release|Any CPU
		{BC828019-B208-4DF6-B30F-6465981CDAF2}.Release|Any CPU.Build.0 = Release|Any CPU
		{861C6C11-7B09-4190-B238-436A8297AA7B}.Debug|Any CPU.ActiveCfg = Debug|Any CPU
		{861C6C11-7B09-4190-B238-436A8297AA7B}.Debug|Any CPU.Build.0 = Debug|Any CPU
		{861C6C11-7B09-4190-B238-436A8297AA7B}.Release|Any CPU.ActiveCfg = Release|Any CPU
		{861C6C11-7B09-4190-B238-436A8297AA7B}.Release|Any CPU.Build.0 = Release|Any CPU
		{74FD0704-2D4D-4D4B-A6D4-3BC99B7B7C33}.Debug|Any CPU.ActiveCfg = Debug|Any CPU
		{74FD0704-2D4D-4D4B-A6D4-3BC99B7B7C33}.Debug|Any CPU.Build.0 = Debug|Any CPU
		{74FD0704-2D4D-4D4B-A6D4-3BC99B7B7C33}.Release|Any CPU.ActiveCfg = Release|Any CPU
		{74FD0704-2D4D-4D4B-A6D4-3BC99B7B7C33}.Release|Any CPU.Build.0 = Release|Any CPU
		{7C6D3F57-7BC4-4B19-AAF1-ACF529F2DF29}.Debug|Any CPU.ActiveCfg = Debug|Any CPU
		{7C6D3F57-7BC4-4B19-AAF1-ACF529F2DF29}.Debug|Any CPU.Build.0 = Debug|Any CPU
		{7C6D3F57-7BC4-4B19-AAF1-ACF529F2DF29}.Release|Any CPU.ActiveCfg = Release|Any CPU
		{7C6D3F57-7BC4-4B19-AAF1-ACF529F2DF29}.Release|Any CPU.Build.0 = Release|Any CPU
		{E802C405-68E4-49F7-B848-4FBA1228D4C3}.Debug|Any CPU.ActiveCfg = Debug|Any CPU
		{E802C405-68E4-49F7-B848-4FBA1228D4C3}.Debug|Any CPU.Build.0 = Debug|Any CPU
		{E802C405-68E4-49F7-B848-4FBA1228D4C3}.Release|Any CPU.ActiveCfg = Release|Any CPU
		{E802C405-68E4-49F7-B848-4FBA1228D4C3}.Release|Any CPU.Build.0 = Release|Any CPU
		{46953B58-B135-4D6E-8A7A-59A233238D8A}.Debug|Any CPU.ActiveCfg = Debug|Any CPU
		{46953B58-B135-4D6E-8A7A-59A233238D8A}.Debug|Any CPU.Build.0 = Debug|Any CPU
		{46953B58-B135-4D6E-8A7A-59A233238D8A}.Release|Any CPU.ActiveCfg = Release|Any CPU
		{46953B58-B135-4D6E-8A7A-59A233238D8A}.Release|Any CPU.Build.0 = Release|Any CPU
		{D9EBE097-DBD4-4A77-93A0-3C1093239CD8}.Debug|Any CPU.ActiveCfg = Debug|Any CPU
		{D9EBE097-DBD4-4A77-93A0-3C1093239CD8}.Debug|Any CPU.Build.0 = Debug|Any CPU
		{D9EBE097-DBD4-4A77-93A0-3C1093239CD8}.Release|Any CPU.ActiveCfg = Release|Any CPU
		{D9EBE097-DBD4-4A77-93A0-3C1093239CD8}.Release|Any CPU.Build.0 = Release|Any CPU
		{C4F6AD2B-9F88-4F11-96F9-4A61FFB62567}.Debug|Any CPU.ActiveCfg = Debug|Any CPU
		{C4F6AD2B-9F88-4F11-96F9-4A61FFB62567}.Debug|Any CPU.Build.0 = Debug|Any CPU
		{C4F6AD2B-9F88-4F11-96F9-4A61FFB62567}.Release|Any CPU.ActiveCfg = Release|Any CPU
		{C4F6AD2B-9F88-4F11-96F9-4A61FFB62567}.Release|Any CPU.Build.0 = Release|Any CPU
		{67983234-C205-4581-BA67-8252A5805585}.Debug|Any CPU.ActiveCfg = Debug|Any CPU
		{67983234-C205-4581-BA67-8252A5805585}.Debug|Any CPU.Build.0 = Debug|Any CPU
		{67983234-C205-4581-BA67-8252A5805585}.Release|Any CPU.ActiveCfg = Release|Any CPU
		{67983234-C205-4581-BA67-8252A5805585}.Release|Any CPU.Build.0 = Release|Any CPU
		{9447275C-57A7-4984-8FFC-4BEE19166C8E}.Debug|Any CPU.ActiveCfg = Debug|Any CPU
		{9447275C-57A7-4984-8FFC-4BEE19166C8E}.Debug|Any CPU.Build.0 = Debug|Any CPU
		{9447275C-57A7-4984-8FFC-4BEE19166C8E}.Release|Any CPU.ActiveCfg = Release|Any CPU
		{9447275C-57A7-4984-8FFC-4BEE19166C8E}.Release|Any CPU.Build.0 = Release|Any CPU
		{148D9D1E-A199-478E-B9A6-5313EAC694ED}.Debug|Any CPU.ActiveCfg = Debug|Any CPU
		{148D9D1E-A199-478E-B9A6-5313EAC694ED}.Debug|Any CPU.Build.0 = Debug|Any CPU
		{148D9D1E-A199-478E-B9A6-5313EAC694ED}.Release|Any CPU.ActiveCfg = Release|Any CPU
		{148D9D1E-A199-478E-B9A6-5313EAC694ED}.Release|Any CPU.Build.0 = Release|Any CPU
		{9866D64F-E29C-4D72-9F83-399BA8CA5255}.Debug|Any CPU.ActiveCfg = Debug|Any CPU
		{9866D64F-E29C-4D72-9F83-399BA8CA5255}.Debug|Any CPU.Build.0 = Debug|Any CPU
		{9866D64F-E29C-4D72-9F83-399BA8CA5255}.Release|Any CPU.ActiveCfg = Release|Any CPU
		{9866D64F-E29C-4D72-9F83-399BA8CA5255}.Release|Any CPU.Build.0 = Release|Any CPU
		{67EC0395-5111-4F95-AD0B-70020E242A5A}.Debug|Any CPU.ActiveCfg = Debug|Any CPU
		{67EC0395-5111-4F95-AD0B-70020E242A5A}.Debug|Any CPU.Build.0 = Debug|Any CPU
		{67EC0395-5111-4F95-AD0B-70020E242A5A}.Release|Any CPU.ActiveCfg = Release|Any CPU
		{67EC0395-5111-4F95-AD0B-70020E242A5A}.Release|Any CPU.Build.0 = Release|Any CPU
		{4DE150C4-90DE-464C-BDF7-E4E8078084A9}.Debug|Any CPU.ActiveCfg = Debug|Any CPU
		{4DE150C4-90DE-464C-BDF7-E4E8078084A9}.Debug|Any CPU.Build.0 = Debug|Any CPU
		{4DE150C4-90DE-464C-BDF7-E4E8078084A9}.Release|Any CPU.ActiveCfg = Release|Any CPU
		{4DE150C4-90DE-464C-BDF7-E4E8078084A9}.Release|Any CPU.Build.0 = Release|Any CPU
		{059C53F7-A466-4415-BA1F-E062C9951644}.Debug|Any CPU.ActiveCfg = Debug|Any CPU
		{059C53F7-A466-4415-BA1F-E062C9951644}.Debug|Any CPU.Build.0 = Debug|Any CPU
		{059C53F7-A466-4415-BA1F-E062C9951644}.Release|Any CPU.ActiveCfg = Release|Any CPU
		{059C53F7-A466-4415-BA1F-E062C9951644}.Release|Any CPU.Build.0 = Release|Any CPU
		{021E12F3-4FCB-4CD0-9010-1C46FFC9D164}.Debug|Any CPU.ActiveCfg = Debug|Any CPU
		{021E12F3-4FCB-4CD0-9010-1C46FFC9D164}.Debug|Any CPU.Build.0 = Debug|Any CPU
		{021E12F3-4FCB-4CD0-9010-1C46FFC9D164}.Release|Any CPU.ActiveCfg = Release|Any CPU
		{021E12F3-4FCB-4CD0-9010-1C46FFC9D164}.Release|Any CPU.Build.0 = Release|Any CPU
		{14243438-15D2-4C9B-B018-104F626D51CF}.Debug|Any CPU.ActiveCfg = Debug|Any CPU
		{14243438-15D2-4C9B-B018-104F626D51CF}.Debug|Any CPU.Build.0 = Debug|Any CPU
		{14243438-15D2-4C9B-B018-104F626D51CF}.Release|Any CPU.ActiveCfg = Release|Any CPU
		{14243438-15D2-4C9B-B018-104F626D51CF}.Release|Any CPU.Build.0 = Release|Any CPU
		{0AB22487-06BA-400A-8C29-425106D82A11}.Debug|Any CPU.ActiveCfg = Debug|Any CPU
		{0AB22487-06BA-400A-8C29-425106D82A11}.Debug|Any CPU.Build.0 = Debug|Any CPU
		{0AB22487-06BA-400A-8C29-425106D82A11}.Release|Any CPU.ActiveCfg = Release|Any CPU
		{0AB22487-06BA-400A-8C29-425106D82A11}.Release|Any CPU.Build.0 = Release|Any CPU
		{C9067D00-E1DD-41E6-A93B-10200DFC1AC8}.Debug|Any CPU.ActiveCfg = Debug|Any CPU
		{C9067D00-E1DD-41E6-A93B-10200DFC1AC8}.Debug|Any CPU.Build.0 = Debug|Any CPU
		{C9067D00-E1DD-41E6-A93B-10200DFC1AC8}.Release|Any CPU.ActiveCfg = Release|Any CPU
		{C9067D00-E1DD-41E6-A93B-10200DFC1AC8}.Release|Any CPU.Build.0 = Release|Any CPU
		{7C480D4A-D257-455D-929A-82DE36BD91B5}.Debug|Any CPU.ActiveCfg = Debug|Any CPU
		{7C480D4A-D257-455D-929A-82DE36BD91B5}.Debug|Any CPU.Build.0 = Debug|Any CPU
		{7C480D4A-D257-455D-929A-82DE36BD91B5}.Release|Any CPU.ActiveCfg = Release|Any CPU
		{7C480D4A-D257-455D-929A-82DE36BD91B5}.Release|Any CPU.Build.0 = Release|Any CPU
		{3AC5A809-DC62-4AC0-9685-5FB35071BFF7}.Debug|Any CPU.ActiveCfg = Debug|Any CPU
		{3AC5A809-DC62-4AC0-9685-5FB35071BFF7}.Debug|Any CPU.Build.0 = Debug|Any CPU
		{3AC5A809-DC62-4AC0-9685-5FB35071BFF7}.Release|Any CPU.ActiveCfg = Release|Any CPU
		{3AC5A809-DC62-4AC0-9685-5FB35071BFF7}.Release|Any CPU.Build.0 = Release|Any CPU
		{8A01C22F-36A9-4822-844D-5E351A526C31}.Debug|Any CPU.ActiveCfg = Debug|Any CPU
		{8A01C22F-36A9-4822-844D-5E351A526C31}.Debug|Any CPU.Build.0 = Debug|Any CPU
		{8A01C22F-36A9-4822-844D-5E351A526C31}.Release|Any CPU.ActiveCfg = Release|Any CPU
		{8A01C22F-36A9-4822-844D-5E351A526C31}.Release|Any CPU.Build.0 = Release|Any CPU
		{E9274E3F-7917-4D0B-867B-79C32452F104}.Debug|Any CPU.ActiveCfg = Debug|Any CPU
		{E9274E3F-7917-4D0B-867B-79C32452F104}.Debug|Any CPU.Build.0 = Debug|Any CPU
		{E9274E3F-7917-4D0B-867B-79C32452F104}.Release|Any CPU.ActiveCfg = Release|Any CPU
		{E9274E3F-7917-4D0B-867B-79C32452F104}.Release|Any CPU.Build.0 = Release|Any CPU
		{46FF236A-7678-4962-8E53-B177BD4B0A5F}.Debug|Any CPU.ActiveCfg = Debug|Any CPU
		{46FF236A-7678-4962-8E53-B177BD4B0A5F}.Debug|Any CPU.Build.0 = Debug|Any CPU
		{46FF236A-7678-4962-8E53-B177BD4B0A5F}.Release|Any CPU.ActiveCfg = Release|Any CPU
		{46FF236A-7678-4962-8E53-B177BD4B0A5F}.Release|Any CPU.Build.0 = Release|Any CPU
		{3B55AD3E-8FBA-425F-9FC7-EA4201BE34CA}.Debug|Any CPU.ActiveCfg = Debug|Any CPU
		{3B55AD3E-8FBA-425F-9FC7-EA4201BE34CA}.Debug|Any CPU.Build.0 = Debug|Any CPU
		{3B55AD3E-8FBA-425F-9FC7-EA4201BE34CA}.Release|Any CPU.ActiveCfg = Release|Any CPU
		{3B55AD3E-8FBA-425F-9FC7-EA4201BE34CA}.Release|Any CPU.Build.0 = Release|Any CPU
		{E4175AED-E27E-4900-A39B-C622AC620A6F}.Debug|Any CPU.ActiveCfg = Debug|Any CPU
		{E4175AED-E27E-4900-A39B-C622AC620A6F}.Debug|Any CPU.Build.0 = Debug|Any CPU
		{E4175AED-E27E-4900-A39B-C622AC620A6F}.Release|Any CPU.ActiveCfg = Release|Any CPU
		{E4175AED-E27E-4900-A39B-C622AC620A6F}.Release|Any CPU.Build.0 = Release|Any CPU
		{43485ABF-F4C5-4D2E-A6D9-DF65238B631F}.Debug|Any CPU.ActiveCfg = Debug|Any CPU
		{43485ABF-F4C5-4D2E-A6D9-DF65238B631F}.Debug|Any CPU.Build.0 = Debug|Any CPU
		{43485ABF-F4C5-4D2E-A6D9-DF65238B631F}.Release|Any CPU.ActiveCfg = Release|Any CPU
		{43485ABF-F4C5-4D2E-A6D9-DF65238B631F}.Release|Any CPU.Build.0 = Release|Any CPU
		{67D2909C-B718-4C01-9416-66F09A22FCA3}.Debug|Any CPU.ActiveCfg = Debug|Any CPU
		{67D2909C-B718-4C01-9416-66F09A22FCA3}.Debug|Any CPU.Build.0 = Debug|Any CPU
		{67D2909C-B718-4C01-9416-66F09A22FCA3}.Release|Any CPU.ActiveCfg = Release|Any CPU
		{67D2909C-B718-4C01-9416-66F09A22FCA3}.Release|Any CPU.Build.0 = Release|Any CPU
		{319F04CF-C3D9-4263-B69E-AF99D3A9945A}.Debug|Any CPU.ActiveCfg = Debug|Any CPU
		{319F04CF-C3D9-4263-B69E-AF99D3A9945A}.Debug|Any CPU.Build.0 = Debug|Any CPU
		{319F04CF-C3D9-4263-B69E-AF99D3A9945A}.Release|Any CPU.ActiveCfg = Release|Any CPU
		{319F04CF-C3D9-4263-B69E-AF99D3A9945A}.Release|Any CPU.Build.0 = Release|Any CPU
		{97BCF119-712D-4027-BC9F-BA37881B5F91}.Debug|Any CPU.ActiveCfg = Debug|Any CPU
		{97BCF119-712D-4027-BC9F-BA37881B5F91}.Debug|Any CPU.Build.0 = Debug|Any CPU
		{97BCF119-712D-4027-BC9F-BA37881B5F91}.Release|Any CPU.ActiveCfg = Release|Any CPU
		{97BCF119-712D-4027-BC9F-BA37881B5F91}.Release|Any CPU.Build.0 = Release|Any CPU
		{7C4AAFD7-3844-4DD4-A8DF-C565519E5F44}.Debug|Any CPU.ActiveCfg = Debug|Any CPU
		{7C4AAFD7-3844-4DD4-A8DF-C565519E5F44}.Debug|Any CPU.Build.0 = Debug|Any CPU
		{7C4AAFD7-3844-4DD4-A8DF-C565519E5F44}.Release|Any CPU.ActiveCfg = Release|Any CPU
		{7C4AAFD7-3844-4DD4-A8DF-C565519E5F44}.Release|Any CPU.Build.0 = Release|Any CPU
		{2286FB3D-2F68-45D4-A62B-E10E938ED7C1}.Debug|Any CPU.ActiveCfg = Debug|Any CPU
		{2286FB3D-2F68-45D4-A62B-E10E938ED7C1}.Debug|Any CPU.Build.0 = Debug|Any CPU
		{2286FB3D-2F68-45D4-A62B-E10E938ED7C1}.Release|Any CPU.ActiveCfg = Release|Any CPU
		{2286FB3D-2F68-45D4-A62B-E10E938ED7C1}.Release|Any CPU.Build.0 = Release|Any CPU
		{01432624-3FA6-4109-9D96-F1486A18A520}.Debug|Any CPU.ActiveCfg = Debug|Any CPU
		{01432624-3FA6-4109-9D96-F1486A18A520}.Debug|Any CPU.Build.0 = Debug|Any CPU
		{01432624-3FA6-4109-9D96-F1486A18A520}.Release|Any CPU.ActiveCfg = Release|Any CPU
		{01432624-3FA6-4109-9D96-F1486A18A520}.Release|Any CPU.Build.0 = Release|Any CPU
		{E5BF7B0F-0983-4C0A-BD84-9757CB1278F2}.Debug|Any CPU.ActiveCfg = Debug|Any CPU
		{E5BF7B0F-0983-4C0A-BD84-9757CB1278F2}.Debug|Any CPU.Build.0 = Debug|Any CPU
		{E5BF7B0F-0983-4C0A-BD84-9757CB1278F2}.Release|Any CPU.ActiveCfg = Release|Any CPU
		{E5BF7B0F-0983-4C0A-BD84-9757CB1278F2}.Release|Any CPU.Build.0 = Release|Any CPU
		{FC55EAB4-D282-4E7B-BA06-4B3B7893B351}.Debug|Any CPU.ActiveCfg = Debug|Any CPU
		{FC55EAB4-D282-4E7B-BA06-4B3B7893B351}.Debug|Any CPU.Build.0 = Debug|Any CPU
		{FC55EAB4-D282-4E7B-BA06-4B3B7893B351}.Release|Any CPU.ActiveCfg = Release|Any CPU
		{FC55EAB4-D282-4E7B-BA06-4B3B7893B351}.Release|Any CPU.Build.0 = Release|Any CPU
		{85035999-3CD4-4482-98FB-4E0E2A8D7DDF}.Debug|Any CPU.ActiveCfg = Debug|Any CPU
		{85035999-3CD4-4482-98FB-4E0E2A8D7DDF}.Debug|Any CPU.Build.0 = Debug|Any CPU
		{85035999-3CD4-4482-98FB-4E0E2A8D7DDF}.Release|Any CPU.ActiveCfg = Release|Any CPU
		{85035999-3CD4-4482-98FB-4E0E2A8D7DDF}.Release|Any CPU.Build.0 = Release|Any CPU
		{3AB58CF7-3A0F-460B-85DA-EA64CF6E2C95}.Debug|Any CPU.ActiveCfg = Debug|Any CPU
		{3AB58CF7-3A0F-460B-85DA-EA64CF6E2C95}.Debug|Any CPU.Build.0 = Debug|Any CPU
		{3AB58CF7-3A0F-460B-85DA-EA64CF6E2C95}.Release|Any CPU.ActiveCfg = Release|Any CPU
		{3AB58CF7-3A0F-460B-85DA-EA64CF6E2C95}.Release|Any CPU.Build.0 = Release|Any CPU
		{FE399BB9-6048-4595-B694-2D4C360DCF11}.Debug|Any CPU.ActiveCfg = Debug|Any CPU
		{FE399BB9-6048-4595-B694-2D4C360DCF11}.Debug|Any CPU.Build.0 = Debug|Any CPU
		{FE399BB9-6048-4595-B694-2D4C360DCF11}.Release|Any CPU.ActiveCfg = Release|Any CPU
		{FE399BB9-6048-4595-B694-2D4C360DCF11}.Release|Any CPU.Build.0 = Release|Any CPU
		{528BD78A-7DA9-4D16-85DF-A941534F5A48}.Debug|Any CPU.ActiveCfg = Debug|Any CPU
		{528BD78A-7DA9-4D16-85DF-A941534F5A48}.Debug|Any CPU.Build.0 = Debug|Any CPU
		{528BD78A-7DA9-4D16-85DF-A941534F5A48}.Release|Any CPU.ActiveCfg = Release|Any CPU
		{528BD78A-7DA9-4D16-85DF-A941534F5A48}.Release|Any CPU.Build.0 = Release|Any CPU
		{B2378349-A1EA-45B4-8271-82E1A93B7284}.Debug|Any CPU.ActiveCfg = Debug|Any CPU
		{B2378349-A1EA-45B4-8271-82E1A93B7284}.Debug|Any CPU.Build.0 = Debug|Any CPU
		{B2378349-A1EA-45B4-8271-82E1A93B7284}.Release|Any CPU.ActiveCfg = Release|Any CPU
		{B2378349-A1EA-45B4-8271-82E1A93B7284}.Release|Any CPU.Build.0 = Release|Any CPU
		{285F2FD0-BD90-4CFA-AE86-71A017F91EDD}.Debug|Any CPU.ActiveCfg = Debug|Any CPU
		{285F2FD0-BD90-4CFA-AE86-71A017F91EDD}.Debug|Any CPU.Build.0 = Debug|Any CPU
		{285F2FD0-BD90-4CFA-AE86-71A017F91EDD}.Release|Any CPU.ActiveCfg = Release|Any CPU
		{285F2FD0-BD90-4CFA-AE86-71A017F91EDD}.Release|Any CPU.Build.0 = Release|Any CPU
		{36468731-FECC-4CC3-A58E-4D0F6F716688}.Debug|Any CPU.ActiveCfg = Debug|Any CPU
		{36468731-FECC-4CC3-A58E-4D0F6F716688}.Debug|Any CPU.Build.0 = Debug|Any CPU
		{36468731-FECC-4CC3-A58E-4D0F6F716688}.Release|Any CPU.ActiveCfg = Release|Any CPU
		{36468731-FECC-4CC3-A58E-4D0F6F716688}.Release|Any CPU.Build.0 = Release|Any CPU
	EndGlobalSection
	GlobalSection(NestedProjects) = preSolution
		{6D33081A-F27E-41B2-A493-915C72AC63CF} = {27144701-1026-4DBD-9E6E-8E8330F78DE5}
		{BC828019-B208-4DF6-B30F-6465981CDAF2} = {6D33081A-F27E-41B2-A493-915C72AC63CF}
		{32E8443E-2F97-480F-8682-AF4C17F0FD92} = {27144701-1026-4DBD-9E6E-8E8330F78DE5}
		{861C6C11-7B09-4190-B238-436A8297AA7B} = {32E8443E-2F97-480F-8682-AF4C17F0FD92}
		{74FD0704-2D4D-4D4B-A6D4-3BC99B7B7C33} = {32E8443E-2F97-480F-8682-AF4C17F0FD92}
		{7C6D3F57-7BC4-4B19-AAF1-ACF529F2DF29} = {32E8443E-2F97-480F-8682-AF4C17F0FD92}
		{E802C405-68E4-49F7-B848-4FBA1228D4C3} = {32E8443E-2F97-480F-8682-AF4C17F0FD92}
		{46953B58-B135-4D6E-8A7A-59A233238D8A} = {32E8443E-2F97-480F-8682-AF4C17F0FD92}
		{D9EBE097-DBD4-4A77-93A0-3C1093239CD8} = {32E8443E-2F97-480F-8682-AF4C17F0FD92}
		{C4F6AD2B-9F88-4F11-96F9-4A61FFB62567} = {32E8443E-2F97-480F-8682-AF4C17F0FD92}
		{A3142A73-50DF-4847-BB03-FEE478759987} = {27144701-1026-4DBD-9E6E-8E8330F78DE5}
		{67983234-C205-4581-BA67-8252A5805585} = {A3142A73-50DF-4847-BB03-FEE478759987}
		{37938A22-CD9E-41DC-B4BE-D98A1AD7593C} = {27144701-1026-4DBD-9E6E-8E8330F78DE5}
		{7928901E-38E7-4FBC-BFA4-2C59DB1C1073} = {37938A22-CD9E-41DC-B4BE-D98A1AD7593C}
		{9447275C-57A7-4984-8FFC-4BEE19166C8E} = {7928901E-38E7-4FBC-BFA4-2C59DB1C1073}
		{148D9D1E-A199-478E-B9A6-5313EAC694ED} = {7928901E-38E7-4FBC-BFA4-2C59DB1C1073}
		{9866D64F-E29C-4D72-9F83-399BA8CA5255} = {7928901E-38E7-4FBC-BFA4-2C59DB1C1073}
		{67EC0395-5111-4F95-AD0B-70020E242A5A} = {7928901E-38E7-4FBC-BFA4-2C59DB1C1073}
		{4DE150C4-90DE-464C-BDF7-E4E8078084A9} = {7928901E-38E7-4FBC-BFA4-2C59DB1C1073}
		{059C53F7-A466-4415-BA1F-E062C9951644} = {7928901E-38E7-4FBC-BFA4-2C59DB1C1073}
		{B2152346-4D21-49DD-A634-3BE390F4D454} = {37938A22-CD9E-41DC-B4BE-D98A1AD7593C}
		{021E12F3-4FCB-4CD0-9010-1C46FFC9D164} = {B2152346-4D21-49DD-A634-3BE390F4D454}
		{14243438-15D2-4C9B-B018-104F626D51CF} = {B2152346-4D21-49DD-A634-3BE390F4D454}
		{0AB22487-06BA-400A-8C29-425106D82A11} = {B2152346-4D21-49DD-A634-3BE390F4D454}
		{C9067D00-E1DD-41E6-A93B-10200DFC1AC8} = {B2152346-4D21-49DD-A634-3BE390F4D454}
		{7C480D4A-D257-455D-929A-82DE36BD91B5} = {B2152346-4D21-49DD-A634-3BE390F4D454}
		{3AC5A809-DC62-4AC0-9685-5FB35071BFF7} = {B2152346-4D21-49DD-A634-3BE390F4D454}
		{FF51712D-58E2-4052-9A28-6C072FA7D04B} = {37938A22-CD9E-41DC-B4BE-D98A1AD7593C}
		{8A01C22F-36A9-4822-844D-5E351A526C31} = {FF51712D-58E2-4052-9A28-6C072FA7D04B}
		{E9274E3F-7917-4D0B-867B-79C32452F104} = {FF51712D-58E2-4052-9A28-6C072FA7D04B}
		{46FF236A-7678-4962-8E53-B177BD4B0A5F} = {FF51712D-58E2-4052-9A28-6C072FA7D04B}
		{3B55AD3E-8FBA-425F-9FC7-EA4201BE34CA} = {FF51712D-58E2-4052-9A28-6C072FA7D04B}
		{E4175AED-E27E-4900-A39B-C622AC620A6F} = {FF51712D-58E2-4052-9A28-6C072FA7D04B}
		{43485ABF-F4C5-4D2E-A6D9-DF65238B631F} = {FF51712D-58E2-4052-9A28-6C072FA7D04B}
		{8543716B-1D13-4187-8CD8-5EFFDE85B8BD} = {37938A22-CD9E-41DC-B4BE-D98A1AD7593C}
		{67D2909C-B718-4C01-9416-66F09A22FCA3} = {8543716B-1D13-4187-8CD8-5EFFDE85B8BD}
		{319F04CF-C3D9-4263-B69E-AF99D3A9945A} = {8543716B-1D13-4187-8CD8-5EFFDE85B8BD}
		{97BCF119-712D-4027-BC9F-BA37881B5F91} = {8543716B-1D13-4187-8CD8-5EFFDE85B8BD}
		{7C4AAFD7-3844-4DD4-A8DF-C565519E5F44} = {8543716B-1D13-4187-8CD8-5EFFDE85B8BD}
		{2286FB3D-2F68-45D4-A62B-E10E938ED7C1} = {8543716B-1D13-4187-8CD8-5EFFDE85B8BD}
		{01432624-3FA6-4109-9D96-F1486A18A520} = {8543716B-1D13-4187-8CD8-5EFFDE85B8BD}
		{035C6465-03B2-4806-A583-D439E3B96726} = {37938A22-CD9E-41DC-B4BE-D98A1AD7593C}
		{E5BF7B0F-0983-4C0A-BD84-9757CB1278F2} = {035C6465-03B2-4806-A583-D439E3B96726}
		{FC55EAB4-D282-4E7B-BA06-4B3B7893B351} = {035C6465-03B2-4806-A583-D439E3B96726}
		{85035999-3CD4-4482-98FB-4E0E2A8D7DDF} = {035C6465-03B2-4806-A583-D439E3B96726}
		{3AB58CF7-3A0F-460B-85DA-EA64CF6E2C95} = {035C6465-03B2-4806-A583-D439E3B96726}
		{FE399BB9-6048-4595-B694-2D4C360DCF11} = {035C6465-03B2-4806-A583-D439E3B96726}
		{528BD78A-7DA9-4D16-85DF-A941534F5A48} = {035C6465-03B2-4806-A583-D439E3B96726}
		{E328ACAD-6F77-4A77-81E4-146803924F5E} = {27144701-1026-4DBD-9E6E-8E8330F78DE5}
		{B2378349-A1EA-45B4-8271-82E1A93B7284} = {E328ACAD-6F77-4A77-81E4-146803924F5E}
		{8695CCD5-64E3-4B6F-A847-EB32DE83C884} = {27144701-1026-4DBD-9E6E-8E8330F78DE5}
		{285F2FD0-BD90-4CFA-AE86-71A017F91EDD} = {8695CCD5-64E3-4B6F-A847-EB32DE83C884}
		{36468731-FECC-4CC3-A58E-4D0F6F716688} = {DFB81E70-E156-4B0F-8DC5-4EF5824F1F2F}
	EndGlobalSection
EndGlobal
