
Microsoft Visual Studio Solution File, Format Version 12.00
# Visual Studio Version 16
VisualStudioVersion = 16.0.30114.105
MinimumVisualStudioVersion = 10.0.40219.1
Project("{2150E333-8FDC-42A3-9474-1A3956D46DE8}") = "src", "src", "{F618633F-3CD2-41A7-B06C-9419FA33A169}"
EndProject
Project("{2150E333-8FDC-42A3-9474-1A3956D46DE8}") = "App", "App", "{B1BBD4F9-DFFE-44B1-9D24-07D7F48BB96F}"
EndProject
Project("{FAE04EC0-301F-11D3-BF4B-00C04F79EFBC}") = "WalkTrack.App", "src\App\WalkTrack.App\WalkTrack.App.csproj", "{32E9E936-0F50-46E6-ACDC-9CE2E59A6371}"
EndProject
Project("{2150E333-8FDC-42A3-9474-1A3956D46DE8}") = "Server", "Server", "{EAE2AE54-6F02-4E7C-B627-3CB24D29F6FF}"
EndProject
Project("{2150E333-8FDC-42A3-9474-1A3956D46DE8}") = "EntryService", "EntryService", "{965F0392-4C8D-4AC0-B685-DEC85BFD6CB1}"
EndProject
Project("{FAE04EC0-301F-11D3-BF4B-00C04F79EFBC}") = "WalkTrack.EntryService.Client", "src\Server\EntryService\WalkTrack.EntryService.Client\WalkTrack.EntryService.Client.csproj", "{0EDC4460-DE9F-453A-9D21-9BCCD079D919}"
EndProject
Project("{FAE04EC0-301F-11D3-BF4B-00C04F79EFBC}") = "WalkTrack.EntryService.Common", "src\Server\EntryService\WalkTrack.EntryService.Common\WalkTrack.EntryService.Common.csproj", "{3A2034EA-4051-43CE-8D80-A3F21EEDB36B}"
EndProject
Project("{FAE04EC0-301F-11D3-BF4B-00C04F79EFBC}") = "WalkTrack.EntryService.Server.DAL", "src\Server\EntryService\WalkTrack.EntryService.Server.DAL\WalkTrack.EntryService.Server.DAL.csproj", "{E04BCA89-5674-4CEC-9860-2E9E1011F391}"
EndProject
Project("{FAE04EC0-301F-11D3-BF4B-00C04F79EFBC}") = "WalkTrack.EntryService.Server.Hosting", "src\Server\EntryService\WalkTrack.EntryService.Server.Hosting\WalkTrack.EntryService.Server.Hosting.csproj", "{91135CB3-53FB-44FF-8A07-C4EC240631BD}"
EndProject
Project("{FAE04EC0-301F-11D3-BF4B-00C04F79EFBC}") = "WalkTrack.EntryService.Server.Services", "src\Server\EntryService\WalkTrack.EntryService.Server.Services\WalkTrack.EntryService.Server.Services.csproj", "{294D79DB-098F-49C5-9E0B-D81FC068D8AE}"
EndProject
Project("{FAE04EC0-301F-11D3-BF4B-00C04F79EFBC}") = "WalkTrack.EntryService.Server", "src\Server\EntryService\WalkTrack.EntryService.Server\WalkTrack.EntryService.Server.csproj", "{9E79448E-FE81-40D6-AB67-E7CBD800ECD3}"
EndProject
Project("{2150E333-8FDC-42A3-9474-1A3956D46DE8}") = "Framework", "Framework", "{B825FA69-347D-4274-AC9C-8E1F02DF58FE}"
EndProject
Project("{FAE04EC0-301F-11D3-BF4B-00C04F79EFBC}") = "WalkTrack.Framework.Client", "src\Server\Framework\WalkTrack.Framework.Client\WalkTrack.Framework.Client.csproj", "{47825AC8-F0CB-4D95-88F5-C8A11ECED2DD}"
EndProject
Project("{FAE04EC0-301F-11D3-BF4B-00C04F79EFBC}") = "WalkTrack.Framework.Common", "src\Server\Framework\WalkTrack.Framework.Common\WalkTrack.Framework.Common.csproj", "{ECE21E06-D42E-4381-B309-25E68CE0F376}"
EndProject
Project("{FAE04EC0-301F-11D3-BF4B-00C04F79EFBC}") = "WalkTrack.Framework.Server.DAL.CouchDb", "src\Server\Framework\WalkTrack.Framework.Server.DAL.CouchDb\WalkTrack.Framework.Server.DAL.CouchDb.csproj", "{6048D8CE-63AE-4814-A613-9FF34DF6F565}"
EndProject
Project("{FAE04EC0-301F-11D3-BF4B-00C04F79EFBC}") = "WalkTrack.Framework.Server.DAL.Mssql", "src\Server\Framework\WalkTrack.Framework.Server.DAL.Mssql\WalkTrack.Framework.Server.DAL.Mssql.csproj", "{7198816D-4882-4BB8-B2F2-E7A2569021C3}"
EndProject
Project("{FAE04EC0-301F-11D3-BF4B-00C04F79EFBC}") = "WalkTrack.Framework.Server.Hosting", "src\Server\Framework\WalkTrack.Framework.Server.Hosting\WalkTrack.Framework.Server.Hosting.csproj", "{18BECE3E-A92B-4550-BFC0-72D48C38BA3B}"
EndProject
Project("{FAE04EC0-301F-11D3-BF4B-00C04F79EFBC}") = "WalkTrack.Framework.Server", "src\Server\Framework\WalkTrack.Framework.Server\WalkTrack.Framework.Server.csproj", "{77C0B088-E5D8-4533-8E48-C989610D413B}"
EndProject
Project("{2150E333-8FDC-42A3-9474-1A3956D46DE8}") = "GoalService", "GoalService", "{01243CAC-40FA-4C73-BCB2-AFEFB0D89248}"
EndProject
Project("{FAE04EC0-301F-11D3-BF4B-00C04F79EFBC}") = "WalkTrack.GoalService.Client", "src\Server\GoalService\WalkTrack.GoalService.Client\WalkTrack.GoalService.Client.csproj", "{C96A632B-CEEE-4B68-B727-24BC8C1E3EA7}"
EndProject
Project("{FAE04EC0-301F-11D3-BF4B-00C04F79EFBC}") = "WalkTrack.GoalService.Common", "src\Server\GoalService\WalkTrack.GoalService.Common\WalkTrack.GoalService.Common.csproj", "{5D7E8B1E-5628-498C-B5B5-0D007FAFEE5D}"
EndProject
Project("{FAE04EC0-301F-11D3-BF4B-00C04F79EFBC}") = "WalkTrack.GoalService.Server.DAL", "src\Server\GoalService\WalkTrack.GoalService.Server.DAL\WalkTrack.GoalService.Server.DAL.csproj", "{55AACA9D-4BC4-45B8-95CB-DBEA598C9EC7}"
EndProject
Project("{FAE04EC0-301F-11D3-BF4B-00C04F79EFBC}") = "WalkTrack.GoalService.Server.Hosting", "src\Server\GoalService\WalkTrack.GoalService.Server.Hosting\WalkTrack.GoalService.Server.Hosting.csproj", "{1DE66140-D0DC-4348-8BEA-B3FCC00AA1BA}"
EndProject
Project("{FAE04EC0-301F-11D3-BF4B-00C04F79EFBC}") = "WalkTrack.GoalService.Server.Services", "src\Server\GoalService\WalkTrack.GoalService.Server.Services\WalkTrack.GoalService.Server.Services.csproj", "{1EEC0CDF-92CF-4C51-9005-165233E83274}"
EndProject
Project("{FAE04EC0-301F-11D3-BF4B-00C04F79EFBC}") = "WalkTrack.GoalService.Server", "src\Server\GoalService\WalkTrack.GoalService.Server\WalkTrack.GoalService.Server.csproj", "{02F3FB98-E685-4F9E-8E86-751285E9AA5C}"
EndProject
Project("{2150E333-8FDC-42A3-9474-1A3956D46DE8}") = "UserService", "UserService", "{3C69C9C5-5C00-4679-8E4D-AAC90B3A655B}"
EndProject
Project("{FAE04EC0-301F-11D3-BF4B-00C04F79EFBC}") = "WalkTrack.UserService.Client", "src\Server\UserService\WalkTrack.UserService.Client\WalkTrack.UserService.Client.csproj", "{F21D3C1E-620A-4BEC-8BD3-A14FE4817443}"
EndProject
Project("{FAE04EC0-301F-11D3-BF4B-00C04F79EFBC}") = "WalkTrack.UserService.Common", "src\Server\UserService\WalkTrack.UserService.Common\WalkTrack.UserService.Common.csproj", "{1863B093-BD92-4858-8341-47E2B38AF475}"
EndProject
Project("{FAE04EC0-301F-11D3-BF4B-00C04F79EFBC}") = "WalkTrack.UserService.Server.DAL", "src\Server\UserService\WalkTrack.UserService.Server.DAL\WalkTrack.UserService.Server.DAL.csproj", "{D67EC4C7-70BC-4234-921C-0AB1E9825C71}"
EndProject
Project("{FAE04EC0-301F-11D3-BF4B-00C04F79EFBC}") = "WalkTrack.UserService.Server.Hosting", "src\Server\UserService\WalkTrack.UserService.Server.Hosting\WalkTrack.UserService.Server.Hosting.csproj", "{DB4533FC-371A-4C80-8E21-1096AEE56695}"
EndProject
Project("{FAE04EC0-301F-11D3-BF4B-00C04F79EFBC}") = "WalkTrack.UserService.Server.Services", "src\Server\UserService\WalkTrack.UserService.Server.Services\WalkTrack.UserService.Server.Services.csproj", "{7638E2E1-4D6E-4945-B4A6-2968006BB6A1}"
EndProject
Project("{FAE04EC0-301F-11D3-BF4B-00C04F79EFBC}") = "WalkTrack.UserService.Server", "src\Server\UserService\WalkTrack.UserService.Server\WalkTrack.UserService.Server.csproj", "{0708FBE7-7C54-403D-9335-095A230BB26B}"
EndProject
Project("{2150E333-8FDC-42A3-9474-1A3956D46DE8}") = "EmailService", "EmailService", "{1B42ECCE-73CD-4187-AA5A-4ABDE7166A94}"
EndProject
Project("{FAE04EC0-301F-11D3-BF4B-00C04F79EFBC}") = "WalkTrack.EmailService.Client", "src\Server\EmailService\WalkTrack.EmailService.Client\WalkTrack.EmailService.Client.csproj", "{7FE5448E-01B4-4464-832D-C972F69F972B}"
EndProject
Project("{FAE04EC0-301F-11D3-BF4B-00C04F79EFBC}") = "WalkTrack.EmailService.Common", "src\Server\EmailService\WalkTrack.EmailService.Common\WalkTrack.EmailService.Common.csproj", "{50A59550-61F8-4A60-92F4-0DB93C7C6832}"
EndProject
Project("{FAE04EC0-301F-11D3-BF4B-00C04F79EFBC}") = "WalkTrack.EmailService.Server.Hosting", "src\Server\EmailService\WalkTrack.EmailService.Server.Hosting\WalkTrack.EmailService.Server.Hosting.csproj", "{05ECAA6B-E110-4A5F-B758-468CB0B0578F}"
EndProject
Project("{FAE04EC0-301F-11D3-BF4B-00C04F79EFBC}") = "WalkTrack.EmailService.Server.Processor", "src\Server\EmailService\WalkTrack.EmailService.Server.Processor\WalkTrack.EmailService.Server.Processor.csproj", "{01ECAA18-C784-4763-8C1C-F16C8FC7840E}"
EndProject
Project("{FAE04EC0-301F-11D3-BF4B-00C04F79EFBC}") = "WalkTrack.EmailService.Server.Services", "src\Server\EmailService\WalkTrack.EmailService.Server.Services\WalkTrack.EmailService.Server.Services.csproj", "{F1A3E7DA-D8A4-4A17-ABF6-7F361803EF7F}"
EndProject
Project("{FAE04EC0-301F-11D3-BF4B-00C04F79EFBC}") = "WalkTrack.EmailService.Server", "src\Server\EmailService\WalkTrack.EmailService.Server\WalkTrack.EmailService.Server.csproj", "{86EE8277-556C-41F7-903F-142889E934ED}"
EndProject
Project("{2150E333-8FDC-42A3-9474-1A3956D46DE8}") = "Library", "Library", "{28BDDE39-ACCD-4CF6-9C19-4084DB707FAF}"
EndProject
Project("{FAE04EC0-301F-11D3-BF4B-00C04F79EFBC}") = "WalkTrack.Library.TemplatingEngine", "src\Server\Library\WalkTrack.Library.TemplatingEngine\WalkTrack.Library.TemplatingEngine.csproj", "{7511D616-8364-480B-83C2-F63E8C2D95D8}"
EndProject
Project("{FAE04EC0-301F-11D3-BF4B-00C04F79EFBC}") = "WalkTrack.Framework.App", "src\Server\Framework\WalkTrack.Framework.App\WalkTrack.Framework.App.csproj", "{E5A038F5-CFD0-4F27-A0E6-91153F22A403}"
EndProject
Global
	GlobalSection(SolutionConfigurationPlatforms) = preSolution
		Debug|Any CPU = Debug|Any CPU
		Release|Any CPU = Release|Any CPU
	EndGlobalSection
	GlobalSection(SolutionProperties) = preSolution
		HideSolutionNode = FALSE
	EndGlobalSection
	GlobalSection(ProjectConfigurationPlatforms) = postSolution
		{32E9E936-0F50-46E6-ACDC-9CE2E59A6371}.Debug|Any CPU.ActiveCfg = Debug|Any CPU
		{32E9E936-0F50-46E6-ACDC-9CE2E59A6371}.Debug|Any CPU.Build.0 = Debug|Any CPU
		{32E9E936-0F50-46E6-ACDC-9CE2E59A6371}.Release|Any CPU.ActiveCfg = Release|Any CPU
		{32E9E936-0F50-46E6-ACDC-9CE2E59A6371}.Release|Any CPU.Build.0 = Release|Any CPU
		{0EDC4460-DE9F-453A-9D21-9BCCD079D919}.Debug|Any CPU.ActiveCfg = Debug|Any CPU
		{0EDC4460-DE9F-453A-9D21-9BCCD079D919}.Debug|Any CPU.Build.0 = Debug|Any CPU
		{0EDC4460-DE9F-453A-9D21-9BCCD079D919}.Release|Any CPU.ActiveCfg = Release|Any CPU
		{0EDC4460-DE9F-453A-9D21-9BCCD079D919}.Release|Any CPU.Build.0 = Release|Any CPU
		{3A2034EA-4051-43CE-8D80-A3F21EEDB36B}.Debug|Any CPU.ActiveCfg = Debug|Any CPU
		{3A2034EA-4051-43CE-8D80-A3F21EEDB36B}.Debug|Any CPU.Build.0 = Debug|Any CPU
		{3A2034EA-4051-43CE-8D80-A3F21EEDB36B}.Release|Any CPU.ActiveCfg = Release|Any CPU
		{3A2034EA-4051-43CE-8D80-A3F21EEDB36B}.Release|Any CPU.Build.0 = Release|Any CPU
		{E04BCA89-5674-4CEC-9860-2E9E1011F391}.Debug|Any CPU.ActiveCfg = Debug|Any CPU
		{E04BCA89-5674-4CEC-9860-2E9E1011F391}.Debug|Any CPU.Build.0 = Debug|Any CPU
		{E04BCA89-5674-4CEC-9860-2E9E1011F391}.Release|Any CPU.ActiveCfg = Release|Any CPU
		{E04BCA89-5674-4CEC-9860-2E9E1011F391}.Release|Any CPU.Build.0 = Release|Any CPU
		{91135CB3-53FB-44FF-8A07-C4EC240631BD}.Debug|Any CPU.ActiveCfg = Debug|Any CPU
		{91135CB3-53FB-44FF-8A07-C4EC240631BD}.Debug|Any CPU.Build.0 = Debug|Any CPU
		{91135CB3-53FB-44FF-8A07-C4EC240631BD}.Release|Any CPU.ActiveCfg = Release|Any CPU
		{91135CB3-53FB-44FF-8A07-C4EC240631BD}.Release|Any CPU.Build.0 = Release|Any CPU
		{294D79DB-098F-49C5-9E0B-D81FC068D8AE}.Debug|Any CPU.ActiveCfg = Debug|Any CPU
		{294D79DB-098F-49C5-9E0B-D81FC068D8AE}.Debug|Any CPU.Build.0 = Debug|Any CPU
		{294D79DB-098F-49C5-9E0B-D81FC068D8AE}.Release|Any CPU.ActiveCfg = Release|Any CPU
		{294D79DB-098F-49C5-9E0B-D81FC068D8AE}.Release|Any CPU.Build.0 = Release|Any CPU
		{9E79448E-FE81-40D6-AB67-E7CBD800ECD3}.Debug|Any CPU.ActiveCfg = Debug|Any CPU
		{9E79448E-FE81-40D6-AB67-E7CBD800ECD3}.Debug|Any CPU.Build.0 = Debug|Any CPU
		{9E79448E-FE81-40D6-AB67-E7CBD800ECD3}.Release|Any CPU.ActiveCfg = Release|Any CPU
		{9E79448E-FE81-40D6-AB67-E7CBD800ECD3}.Release|Any CPU.Build.0 = Release|Any CPU
		{47825AC8-F0CB-4D95-88F5-C8A11ECED2DD}.Debug|Any CPU.ActiveCfg = Debug|Any CPU
		{47825AC8-F0CB-4D95-88F5-C8A11ECED2DD}.Debug|Any CPU.Build.0 = Debug|Any CPU
		{47825AC8-F0CB-4D95-88F5-C8A11ECED2DD}.Release|Any CPU.ActiveCfg = Release|Any CPU
		{47825AC8-F0CB-4D95-88F5-C8A11ECED2DD}.Release|Any CPU.Build.0 = Release|Any CPU
		{ECE21E06-D42E-4381-B309-25E68CE0F376}.Debug|Any CPU.ActiveCfg = Debug|Any CPU
		{ECE21E06-D42E-4381-B309-25E68CE0F376}.Debug|Any CPU.Build.0 = Debug|Any CPU
		{ECE21E06-D42E-4381-B309-25E68CE0F376}.Release|Any CPU.ActiveCfg = Release|Any CPU
		{ECE21E06-D42E-4381-B309-25E68CE0F376}.Release|Any CPU.Build.0 = Release|Any CPU
		{6048D8CE-63AE-4814-A613-9FF34DF6F565}.Debug|Any CPU.ActiveCfg = Debug|Any CPU
		{6048D8CE-63AE-4814-A613-9FF34DF6F565}.Debug|Any CPU.Build.0 = Debug|Any CPU
		{6048D8CE-63AE-4814-A613-9FF34DF6F565}.Release|Any CPU.ActiveCfg = Release|Any CPU
		{6048D8CE-63AE-4814-A613-9FF34DF6F565}.Release|Any CPU.Build.0 = Release|Any CPU
		{7198816D-4882-4BB8-B2F2-E7A2569021C3}.Debug|Any CPU.ActiveCfg = Debug|Any CPU
		{7198816D-4882-4BB8-B2F2-E7A2569021C3}.Debug|Any CPU.Build.0 = Debug|Any CPU
		{7198816D-4882-4BB8-B2F2-E7A2569021C3}.Release|Any CPU.ActiveCfg = Release|Any CPU
		{7198816D-4882-4BB8-B2F2-E7A2569021C3}.Release|Any CPU.Build.0 = Release|Any CPU
		{18BECE3E-A92B-4550-BFC0-72D48C38BA3B}.Debug|Any CPU.ActiveCfg = Debug|Any CPU
		{18BECE3E-A92B-4550-BFC0-72D48C38BA3B}.Debug|Any CPU.Build.0 = Debug|Any CPU
		{18BECE3E-A92B-4550-BFC0-72D48C38BA3B}.Release|Any CPU.ActiveCfg = Release|Any CPU
		{18BECE3E-A92B-4550-BFC0-72D48C38BA3B}.Release|Any CPU.Build.0 = Release|Any CPU
		{77C0B088-E5D8-4533-8E48-C989610D413B}.Debug|Any CPU.ActiveCfg = Debug|Any CPU
		{77C0B088-E5D8-4533-8E48-C989610D413B}.Debug|Any CPU.Build.0 = Debug|Any CPU
		{77C0B088-E5D8-4533-8E48-C989610D413B}.Release|Any CPU.ActiveCfg = Release|Any CPU
		{77C0B088-E5D8-4533-8E48-C989610D413B}.Release|Any CPU.Build.0 = Release|Any CPU
		{C96A632B-CEEE-4B68-B727-24BC8C1E3EA7}.Debug|Any CPU.ActiveCfg = Debug|Any CPU
		{C96A632B-CEEE-4B68-B727-24BC8C1E3EA7}.Debug|Any CPU.Build.0 = Debug|Any CPU
		{C96A632B-CEEE-4B68-B727-24BC8C1E3EA7}.Release|Any CPU.ActiveCfg = Release|Any CPU
		{C96A632B-CEEE-4B68-B727-24BC8C1E3EA7}.Release|Any CPU.Build.0 = Release|Any CPU
		{5D7E8B1E-5628-498C-B5B5-0D007FAFEE5D}.Debug|Any CPU.ActiveCfg = Debug|Any CPU
		{5D7E8B1E-5628-498C-B5B5-0D007FAFEE5D}.Debug|Any CPU.Build.0 = Debug|Any CPU
		{5D7E8B1E-5628-498C-B5B5-0D007FAFEE5D}.Release|Any CPU.ActiveCfg = Release|Any CPU
		{5D7E8B1E-5628-498C-B5B5-0D007FAFEE5D}.Release|Any CPU.Build.0 = Release|Any CPU
		{55AACA9D-4BC4-45B8-95CB-DBEA598C9EC7}.Debug|Any CPU.ActiveCfg = Debug|Any CPU
		{55AACA9D-4BC4-45B8-95CB-DBEA598C9EC7}.Debug|Any CPU.Build.0 = Debug|Any CPU
		{55AACA9D-4BC4-45B8-95CB-DBEA598C9EC7}.Release|Any CPU.ActiveCfg = Release|Any CPU
		{55AACA9D-4BC4-45B8-95CB-DBEA598C9EC7}.Release|Any CPU.Build.0 = Release|Any CPU
		{1DE66140-D0DC-4348-8BEA-B3FCC00AA1BA}.Debug|Any CPU.ActiveCfg = Debug|Any CPU
		{1DE66140-D0DC-4348-8BEA-B3FCC00AA1BA}.Debug|Any CPU.Build.0 = Debug|Any CPU
		{1DE66140-D0DC-4348-8BEA-B3FCC00AA1BA}.Release|Any CPU.ActiveCfg = Release|Any CPU
		{1DE66140-D0DC-4348-8BEA-B3FCC00AA1BA}.Release|Any CPU.Build.0 = Release|Any CPU
		{1EEC0CDF-92CF-4C51-9005-165233E83274}.Debug|Any CPU.ActiveCfg = Debug|Any CPU
		{1EEC0CDF-92CF-4C51-9005-165233E83274}.Debug|Any CPU.Build.0 = Debug|Any CPU
		{1EEC0CDF-92CF-4C51-9005-165233E83274}.Release|Any CPU.ActiveCfg = Release|Any CPU
		{1EEC0CDF-92CF-4C51-9005-165233E83274}.Release|Any CPU.Build.0 = Release|Any CPU
		{02F3FB98-E685-4F9E-8E86-751285E9AA5C}.Debug|Any CPU.ActiveCfg = Debug|Any CPU
		{02F3FB98-E685-4F9E-8E86-751285E9AA5C}.Debug|Any CPU.Build.0 = Debug|Any CPU
		{02F3FB98-E685-4F9E-8E86-751285E9AA5C}.Release|Any CPU.ActiveCfg = Release|Any CPU
		{02F3FB98-E685-4F9E-8E86-751285E9AA5C}.Release|Any CPU.Build.0 = Release|Any CPU
		{F21D3C1E-620A-4BEC-8BD3-A14FE4817443}.Debug|Any CPU.ActiveCfg = Debug|Any CPU
		{F21D3C1E-620A-4BEC-8BD3-A14FE4817443}.Debug|Any CPU.Build.0 = Debug|Any CPU
		{F21D3C1E-620A-4BEC-8BD3-A14FE4817443}.Release|Any CPU.ActiveCfg = Release|Any CPU
		{F21D3C1E-620A-4BEC-8BD3-A14FE4817443}.Release|Any CPU.Build.0 = Release|Any CPU
		{1863B093-BD92-4858-8341-47E2B38AF475}.Debug|Any CPU.ActiveCfg = Debug|Any CPU
		{1863B093-BD92-4858-8341-47E2B38AF475}.Debug|Any CPU.Build.0 = Debug|Any CPU
		{1863B093-BD92-4858-8341-47E2B38AF475}.Release|Any CPU.ActiveCfg = Release|Any CPU
		{1863B093-BD92-4858-8341-47E2B38AF475}.Release|Any CPU.Build.0 = Release|Any CPU
		{D67EC4C7-70BC-4234-921C-0AB1E9825C71}.Debug|Any CPU.ActiveCfg = Debug|Any CPU
		{D67EC4C7-70BC-4234-921C-0AB1E9825C71}.Debug|Any CPU.Build.0 = Debug|Any CPU
		{D67EC4C7-70BC-4234-921C-0AB1E9825C71}.Release|Any CPU.ActiveCfg = Release|Any CPU
		{D67EC4C7-70BC-4234-921C-0AB1E9825C71}.Release|Any CPU.Build.0 = Release|Any CPU
		{DB4533FC-371A-4C80-8E21-1096AEE56695}.Debug|Any CPU.ActiveCfg = Debug|Any CPU
		{DB4533FC-371A-4C80-8E21-1096AEE56695}.Debug|Any CPU.Build.0 = Debug|Any CPU
		{DB4533FC-371A-4C80-8E21-1096AEE56695}.Release|Any CPU.ActiveCfg = Release|Any CPU
		{DB4533FC-371A-4C80-8E21-1096AEE56695}.Release|Any CPU.Build.0 = Release|Any CPU
		{7638E2E1-4D6E-4945-B4A6-2968006BB6A1}.Debug|Any CPU.ActiveCfg = Debug|Any CPU
		{7638E2E1-4D6E-4945-B4A6-2968006BB6A1}.Debug|Any CPU.Build.0 = Debug|Any CPU
		{7638E2E1-4D6E-4945-B4A6-2968006BB6A1}.Release|Any CPU.ActiveCfg = Release|Any CPU
		{7638E2E1-4D6E-4945-B4A6-2968006BB6A1}.Release|Any CPU.Build.0 = Release|Any CPU
		{0708FBE7-7C54-403D-9335-095A230BB26B}.Debug|Any CPU.ActiveCfg = Debug|Any CPU
		{0708FBE7-7C54-403D-9335-095A230BB26B}.Debug|Any CPU.Build.0 = Debug|Any CPU
		{0708FBE7-7C54-403D-9335-095A230BB26B}.Release|Any CPU.ActiveCfg = Release|Any CPU
		{0708FBE7-7C54-403D-9335-095A230BB26B}.Release|Any CPU.Build.0 = Release|Any CPU
		{7FE5448E-01B4-4464-832D-C972F69F972B}.Debug|Any CPU.ActiveCfg = Debug|Any CPU
		{7FE5448E-01B4-4464-832D-C972F69F972B}.Debug|Any CPU.Build.0 = Debug|Any CPU
		{7FE5448E-01B4-4464-832D-C972F69F972B}.Release|Any CPU.ActiveCfg = Release|Any CPU
		{7FE5448E-01B4-4464-832D-C972F69F972B}.Release|Any CPU.Build.0 = Release|Any CPU
		{50A59550-61F8-4A60-92F4-0DB93C7C6832}.Debug|Any CPU.ActiveCfg = Debug|Any CPU
		{50A59550-61F8-4A60-92F4-0DB93C7C6832}.Debug|Any CPU.Build.0 = Debug|Any CPU
		{50A59550-61F8-4A60-92F4-0DB93C7C6832}.Release|Any CPU.ActiveCfg = Release|Any CPU
		{50A59550-61F8-4A60-92F4-0DB93C7C6832}.Release|Any CPU.Build.0 = Release|Any CPU
		{05ECAA6B-E110-4A5F-B758-468CB0B0578F}.Debug|Any CPU.ActiveCfg = Debug|Any CPU
		{05ECAA6B-E110-4A5F-B758-468CB0B0578F}.Debug|Any CPU.Build.0 = Debug|Any CPU
		{05ECAA6B-E110-4A5F-B758-468CB0B0578F}.Release|Any CPU.ActiveCfg = Release|Any CPU
		{05ECAA6B-E110-4A5F-B758-468CB0B0578F}.Release|Any CPU.Build.0 = Release|Any CPU
		{01ECAA18-C784-4763-8C1C-F16C8FC7840E}.Debug|Any CPU.ActiveCfg = Debug|Any CPU
		{01ECAA18-C784-4763-8C1C-F16C8FC7840E}.Debug|Any CPU.Build.0 = Debug|Any CPU
		{01ECAA18-C784-4763-8C1C-F16C8FC7840E}.Release|Any CPU.ActiveCfg = Release|Any CPU
		{01ECAA18-C784-4763-8C1C-F16C8FC7840E}.Release|Any CPU.Build.0 = Release|Any CPU
		{F1A3E7DA-D8A4-4A17-ABF6-7F361803EF7F}.Debug|Any CPU.ActiveCfg = Debug|Any CPU
		{F1A3E7DA-D8A4-4A17-ABF6-7F361803EF7F}.Debug|Any CPU.Build.0 = Debug|Any CPU
		{F1A3E7DA-D8A4-4A17-ABF6-7F361803EF7F}.Release|Any CPU.ActiveCfg = Release|Any CPU
		{F1A3E7DA-D8A4-4A17-ABF6-7F361803EF7F}.Release|Any CPU.Build.0 = Release|Any CPU
		{86EE8277-556C-41F7-903F-142889E934ED}.Debug|Any CPU.ActiveCfg = Debug|Any CPU
		{86EE8277-556C-41F7-903F-142889E934ED}.Debug|Any CPU.Build.0 = Debug|Any CPU
		{86EE8277-556C-41F7-903F-142889E934ED}.Release|Any CPU.ActiveCfg = Release|Any CPU
		{86EE8277-556C-41F7-903F-142889E934ED}.Release|Any CPU.Build.0 = Release|Any CPU
		{7511D616-8364-480B-83C2-F63E8C2D95D8}.Debug|Any CPU.ActiveCfg = Debug|Any CPU
		{7511D616-8364-480B-83C2-F63E8C2D95D8}.Debug|Any CPU.Build.0 = Debug|Any CPU
		{7511D616-8364-480B-83C2-F63E8C2D95D8}.Release|Any CPU.ActiveCfg = Release|Any CPU
		{7511D616-8364-480B-83C2-F63E8C2D95D8}.Release|Any CPU.Build.0 = Release|Any CPU
		{E5A038F5-CFD0-4F27-A0E6-91153F22A403}.Debug|Any CPU.ActiveCfg = Debug|Any CPU
		{E5A038F5-CFD0-4F27-A0E6-91153F22A403}.Debug|Any CPU.Build.0 = Debug|Any CPU
		{E5A038F5-CFD0-4F27-A0E6-91153F22A403}.Release|Any CPU.ActiveCfg = Release|Any CPU
		{E5A038F5-CFD0-4F27-A0E6-91153F22A403}.Release|Any CPU.Build.0 = Release|Any CPU
	EndGlobalSection
	GlobalSection(NestedProjects) = preSolution
		{B1BBD4F9-DFFE-44B1-9D24-07D7F48BB96F} = {F618633F-3CD2-41A7-B06C-9419FA33A169}
		{32E9E936-0F50-46E6-ACDC-9CE2E59A6371} = {B1BBD4F9-DFFE-44B1-9D24-07D7F48BB96F}
		{EAE2AE54-6F02-4E7C-B627-3CB24D29F6FF} = {F618633F-3CD2-41A7-B06C-9419FA33A169}
		{965F0392-4C8D-4AC0-B685-DEC85BFD6CB1} = {EAE2AE54-6F02-4E7C-B627-3CB24D29F6FF}
		{0EDC4460-DE9F-453A-9D21-9BCCD079D919} = {965F0392-4C8D-4AC0-B685-DEC85BFD6CB1}
		{3A2034EA-4051-43CE-8D80-A3F21EEDB36B} = {965F0392-4C8D-4AC0-B685-DEC85BFD6CB1}
		{E04BCA89-5674-4CEC-9860-2E9E1011F391} = {965F0392-4C8D-4AC0-B685-DEC85BFD6CB1}
		{91135CB3-53FB-44FF-8A07-C4EC240631BD} = {965F0392-4C8D-4AC0-B685-DEC85BFD6CB1}
		{294D79DB-098F-49C5-9E0B-D81FC068D8AE} = {965F0392-4C8D-4AC0-B685-DEC85BFD6CB1}
		{9E79448E-FE81-40D6-AB67-E7CBD800ECD3} = {965F0392-4C8D-4AC0-B685-DEC85BFD6CB1}
		{B825FA69-347D-4274-AC9C-8E1F02DF58FE} = {EAE2AE54-6F02-4E7C-B627-3CB24D29F6FF}
		{47825AC8-F0CB-4D95-88F5-C8A11ECED2DD} = {B825FA69-347D-4274-AC9C-8E1F02DF58FE}
		{ECE21E06-D42E-4381-B309-25E68CE0F376} = {B825FA69-347D-4274-AC9C-8E1F02DF58FE}
		{6048D8CE-63AE-4814-A613-9FF34DF6F565} = {B825FA69-347D-4274-AC9C-8E1F02DF58FE}
		{7198816D-4882-4BB8-B2F2-E7A2569021C3} = {B825FA69-347D-4274-AC9C-8E1F02DF58FE}
		{18BECE3E-A92B-4550-BFC0-72D48C38BA3B} = {B825FA69-347D-4274-AC9C-8E1F02DF58FE}
		{77C0B088-E5D8-4533-8E48-C989610D413B} = {B825FA69-347D-4274-AC9C-8E1F02DF58FE}
		{01243CAC-40FA-4C73-BCB2-AFEFB0D89248} = {EAE2AE54-6F02-4E7C-B627-3CB24D29F6FF}
		{C96A632B-CEEE-4B68-B727-24BC8C1E3EA7} = {01243CAC-40FA-4C73-BCB2-AFEFB0D89248}
		{5D7E8B1E-5628-498C-B5B5-0D007FAFEE5D} = {01243CAC-40FA-4C73-BCB2-AFEFB0D89248}
		{55AACA9D-4BC4-45B8-95CB-DBEA598C9EC7} = {01243CAC-40FA-4C73-BCB2-AFEFB0D89248}
		{1DE66140-D0DC-4348-8BEA-B3FCC00AA1BA} = {01243CAC-40FA-4C73-BCB2-AFEFB0D89248}
		{1EEC0CDF-92CF-4C51-9005-165233E83274} = {01243CAC-40FA-4C73-BCB2-AFEFB0D89248}
		{02F3FB98-E685-4F9E-8E86-751285E9AA5C} = {01243CAC-40FA-4C73-BCB2-AFEFB0D89248}
		{3C69C9C5-5C00-4679-8E4D-AAC90B3A655B} = {EAE2AE54-6F02-4E7C-B627-3CB24D29F6FF}
		{F21D3C1E-620A-4BEC-8BD3-A14FE4817443} = {3C69C9C5-5C00-4679-8E4D-AAC90B3A655B}
		{1863B093-BD92-4858-8341-47E2B38AF475} = {3C69C9C5-5C00-4679-8E4D-AAC90B3A655B}
		{D67EC4C7-70BC-4234-921C-0AB1E9825C71} = {3C69C9C5-5C00-4679-8E4D-AAC90B3A655B}
		{DB4533FC-371A-4C80-8E21-1096AEE56695} = {3C69C9C5-5C00-4679-8E4D-AAC90B3A655B}
		{7638E2E1-4D6E-4945-B4A6-2968006BB6A1} = {3C69C9C5-5C00-4679-8E4D-AAC90B3A655B}
		{0708FBE7-7C54-403D-9335-095A230BB26B} = {3C69C9C5-5C00-4679-8E4D-AAC90B3A655B}
		{1B42ECCE-73CD-4187-AA5A-4ABDE7166A94} = {EAE2AE54-6F02-4E7C-B627-3CB24D29F6FF}
		{7FE5448E-01B4-4464-832D-C972F69F972B} = {1B42ECCE-73CD-4187-AA5A-4ABDE7166A94}
		{50A59550-61F8-4A60-92F4-0DB93C7C6832} = {1B42ECCE-73CD-4187-AA5A-4ABDE7166A94}
		{05ECAA6B-E110-4A5F-B758-468CB0B0578F} = {1B42ECCE-73CD-4187-AA5A-4ABDE7166A94}
		{01ECAA18-C784-4763-8C1C-F16C8FC7840E} = {1B42ECCE-73CD-4187-AA5A-4ABDE7166A94}
		{F1A3E7DA-D8A4-4A17-ABF6-7F361803EF7F} = {1B42ECCE-73CD-4187-AA5A-4ABDE7166A94}
		{86EE8277-556C-41F7-903F-142889E934ED} = {1B42ECCE-73CD-4187-AA5A-4ABDE7166A94}
		{28BDDE39-ACCD-4CF6-9C19-4084DB707FAF} = {EAE2AE54-6F02-4E7C-B627-3CB24D29F6FF}
		{7511D616-8364-480B-83C2-F63E8C2D95D8} = {28BDDE39-ACCD-4CF6-9C19-4084DB707FAF}
		{E5A038F5-CFD0-4F27-A0E6-91153F22A403} = {B825FA69-347D-4274-AC9C-8E1F02DF58FE}
	EndGlobalSection
EndGlobal
